
Microsoft Visual Studio Solution File, Format Version 12.00
# Visual Studio Version 17
VisualStudioVersion = 17.10.35027.167
MinimumVisualStudioVersion = 10.0.40219.1
Project("{FAE04EC0-301F-11D3-BF4B-00C04F79EFBC}") = "OO2-Assignment3-Group4", "OO2-Assignment3-Group4.csproj", "{8A3385D5-5956-4FCD-8A15-4BF1754CBAA5}"
EndProject
Project("{FAE04EC0-301F-11D3-BF4B-00C04F79EFBC}") = "LinkedListTest", "..\LinkedListTest\LinkedListTest.csproj", "{311BFB4A-BBA5-4083-90B2-7FDD8DD11EC2}"
EndProject
Project("{FAE04EC0-301F-11D3-BF4B-00C04F79EFBC}") = "SerializationTests", "..\SerializationTests\SerializationTests.csproj", "{B24FA8B6-CF14-437E-AF9E-B600AE8F2F6B}"
EndProject
Global
	GlobalSection(SolutionConfigurationPlatforms) = preSolution
		Debug|Any CPU = Debug|Any CPU
		Release|Any CPU = Release|Any CPU
	EndGlobalSection
	GlobalSection(ProjectConfigurationPlatforms) = postSolution
		{8A3385D5-5956-4FCD-8A15-4BF1754CBAA5}.Debug|Any CPU.ActiveCfg = Debug|Any CPU
		{8A3385D5-5956-4FCD-8A15-4BF1754CBAA5}.Debug|Any CPU.Build.0 = Debug|Any CPU
		{8A3385D5-5956-4FCD-8A15-4BF1754CBAA5}.Release|Any CPU.ActiveCfg = Release|Any CPU
		{8A3385D5-5956-4FCD-8A15-4BF1754CBAA5}.Release|Any CPU.Build.0 = Release|Any CPU
		{311BFB4A-BBA5-4083-90B2-7FDD8DD11EC2}.Debug|Any CPU.ActiveCfg = Debug|Any CPU
		{311BFB4A-BBA5-4083-90B2-7FDD8DD11EC2}.Debug|Any CPU.Build.0 = Debug|Any CPU
		{311BFB4A-BBA5-4083-90B2-7FDD8DD11EC2}.Release|Any CPU.ActiveCfg = Release|Any CPU
		{311BFB4A-BBA5-4083-90B2-7FDD8DD11EC2}.Release|Any CPU.Build.0 = Release|Any CPU
		{B24FA8B6-CF14-437E-AF9E-B600AE8F2F6B}.Debug|Any CPU.ActiveCfg = Debug|Any CPU
		{B24FA8B6-CF14-437E-AF9E-B600AE8F2F6B}.Debug|Any CPU.Build.0 = Debug|Any CPU
		{B24FA8B6-CF14-437E-AF9E-B600AE8F2F6B}.Release|Any CPU.ActiveCfg = Release|Any CPU
		{B24FA8B6-CF14-437E-AF9E-B600AE8F2F6B}.Release|Any CPU.Build.0 = Release|Any CPU
	EndGlobalSection
	GlobalSection(SolutionProperties) = preSolution
		HideSolutionNode = FALSE
	EndGlobalSection
	GlobalSection(ExtensibilityGlobals) = postSolution
		SolutionGuid = {4CF3302A-0E3E-46D0-A38B-1F381181D244}
	EndGlobalSection
EndGlobal
